{
  "name": "portal",
  "version": "1.0.0",
  "lockfileVersion": 1,
  "requires": true,
  "dependencies": {
    "@vant/weapp": {
      "version": "1.0.2",
      "resolved": "https://registry.npmjs.org/@vant/weapp/-/weapp-1.0.2.tgz",
      "integrity": "sha512-NERTwTyjgwRhtyuYQzS3a6xSZk6xTeJcDU7t8rxRO+xlBGMdMK9w2VseJUgWPPSftsZrsp6uK5C7aVo06NFbnA=="
    },
    "dayjs": {
      "version": "1.8.19",
      "resolved": "https://registry.npmjs.org/dayjs/-/dayjs-1.8.19.tgz",
      "integrity": "sha512-7kqOoj3oQSmqbvtvGFLU5iYqies+SqUiEGNT0UtUPPxcPYgY1BrkXR0Cq2R9HYSimBXN+xHkEN4Hi399W+Ovlg=="
    }
  }
}
